PODS:
  - DropDown (2.3.13)
  - Toaster (2.3.0)

DEPENDENCIES:
  - DropDown
  - Toaster

SPEC REPOS:
  trunk:
    - DropDown
    - Toaster

SPEC CHECKSUMS:
  DropDown: 8a2116376c1981888557f72ec2ffc9a5e0e456ec
  Toaster: c3473963c78e8cabbf6ea6f11ad0fdaae6f54987

PODFILE CHECKSUM: 643f7afa7e1a816b60db38cb86df74ad6c4e790b

COCOAPODS: 1.12.1
