// !$*UTF8*$!
{
	archiveVersion = 1;
	classes = {
	};
	objectVersion = 56;
	objects = {

/* Begin PBXBuildFile section */
		5693C6AB12EB4F437F4C1697 /* Pods_appTareaMadrid.framework in Frameworks */ = {isa = PBXBuildFile; fileRef = 6330BB7B107E8B159B12724E /* Pods_appTareaMadrid.framework */; };
		B714B70D2ABB61A300F988C9 /* DetalleController.swift in Sources */ = {isa = PBXBuildFile; fileRef = B714B70C2ABB61A300F988C9 /* DetalleController.swift */; };
		B7CEB6642ABB5E460054972E /* AppDelegate.swift in Sources */ = {isa = PBXBuildFile; fileRef = B7CEB6632ABB5E460054972E /* AppDelegate.swift */; };
		B7CEB6662ABB5E460054972E /* SceneDelegate.swift in Sources */ = {isa = PBXBuildFile; fileRef = B7CEB6652ABB5E460054972E /* SceneDelegate.swift */; };
		B7CEB6682ABB5E460054972E /* ViewController.swift in Sources */ = {isa = PBXBuildFile; fileRef = B7CEB6672ABB5E460054972E /* ViewController.swift */; };
		B7CEB66B2ABB5E460054972E /* Main.storyboard in Resources */ = {isa = PBXBuildFile; fileRef = B7CEB6692ABB5E460054972E /* Main.storyboard */; };
		B7CEB66D2ABB5E470054972E /* Assets.xcassets in Resources */ = {isa = PBXBuildFile; fileRef = B7CEB66C2ABB5E470054972E /* Assets.xcassets */; };
		B7CEB6702ABB5E470054972E /* LaunchScreen.storyboard in Resources */ = {isa = PBXBuildFile; fileRef = B7CEB66E2ABB5E470054972E /* LaunchScreen.storyboard */; };
/* End PBXBuildFile section */

/* Begin PBXFileReference section */
		553CD59EDDD33CC0E3C472CD /* Pods-appTareaMadrid.release.xcconfig */ = {isa = PBXFileReference; includeInIndex = 1; lastKnownFileType = text.xcconfig; name = "Pods-appTareaMadrid.release.xcconfig"; path = "Target Support Files/Pods-appTareaMadrid/Pods-appTareaMadrid.release.xcconfig"; sourceTree = "<group>"; };
		6330BB7B107E8B159B12724E /* Pods_appTareaMadrid.framework */ = {isa = PBXFileReference; explicitFileType = wrapper.framework; includeInIndex = 0; path = Pods_appTareaMadrid.framework; sourceTree = BUILT_PRODUCTS_DIR; };
		66837D098A3AF75D2B7A9C84 /* Pods-appTareaMadrid.debug.xcconfig */ = {isa = PBXFileReference; includeInIndex = 1; lastKnownFileType = text.xcconfig; name = "Pods-appTareaMadrid.debug.xcconfig"; path = "Target Support Files/Pods-appTareaMadrid/Pods-appTareaMadrid.debug.xcconfig"; sourceTree = "<group>"; };
		B714B70C2ABB61A300F988C9 /* DetalleController.swift */ = {isa = PBXFileReference; lastKnownFileType = sourcecode.swift; path = DetalleController.swift; sourceTree = "<group>"; };
		B7CEB6602ABB5E460054972E /* appTareaMadrid.app */ = {isa = PBXFileReference; explicitFileType = wrapper.application; includeInIndex = 0; path = appTareaMadrid.app; sourceTree = BUILT_PRODUCTS_DIR; };
		B7CEB6632ABB5E460054972E /* AppDelegate.swift */ = {isa = PBXFileReference; lastKnownFileType = sourcecode.swift; path = AppDelegate.swift; sourceTree = "<group>"; };
		B7CEB6652ABB5E460054972E /* SceneDelegate.swift */ = {isa = PBXFileReference; lastKnownFileType = sourcecode.swift; path = SceneDelegate.swift; sourceTree = "<group>"; };
		B7CEB6672ABB5E460054972E /* ViewController.swift */ = {isa = PBXFileReference; lastKnownFileType = sourcecode.swift; path = ViewController.swift; sourceTree = "<group>"; };
		B7CEB66A2ABB5E460054972E /* Base */ = {isa = PBXFileReference; lastKnownFileType = file.storyboard; name = Base; path = Base.lproj/Main.storyboard; sourceTree = "<group>"; };
		B7CEB66C2ABB5E470054972E /* Assets.xcassets */ = {isa = PBXFileReference; lastKnownFileType = folder.assetcatalog; path = Assets.xcassets; sourceTree = "<group>"; };
		B7CEB66F2ABB5E470054972E /* Base */ = {isa = PBXFileReference; lastKnownFileType = file.storyboard; name = Base; path = Base.lproj/LaunchScreen.storyboard; sourceTree = "<group>"; };
		B7CEB6712ABB5E470054972E /* Info.plist */ = {isa = PBXFileReference; lastKnownFileType = text.plist.xml; path = Info.plist; sourceTree = "<group>"; };
/* End PBXFileReference section */

/* Begin PBXFrameworksBuildPhase section */
		B7CEB65D2ABB5E460054972E /* Frameworks */ = {
			isa = PBXFrameworksBuildPhase;
			buildActionMask = 2147483647;
			files = (
				5693C6AB12EB4F437F4C1697 /* Pods_appTareaMadrid.framework in Frameworks */,
			);
			runOnlyForDeploymentPostprocessing = 0;
		};
/* End PBXFrameworksBuildPhase section */

/* Begin PBXGroup section */
		B7CEB6572ABB5E460054972E = {
			isa = PBXGroup;
			children = (
				B7CEB6622ABB5E460054972E /* appTareaMadrid */,
				B7CEB6612ABB5E460054972E /* Products */,
				E47076DD923F4F9AA496E866 /* Pods */,
				C19195CF87525D214411BA43 /* Frameworks */,
			);
			sourceTree = "<group>";
		};
		B7CEB6612ABB5E460054972E /* Products */ = {
			isa = PBXGroup;
			children = (
				B7CEB6602ABB5E460054972E /* appTareaMadrid.app */,
			);
			name = Products;
			sourceTree = "<group>";
		};
		B7CEB6622ABB5E460054972E /* appTareaMadrid */ = {
			isa = PBXGroup;
			children = (
				B7CEB6632ABB5E460054972E /* AppDelegate.swift */,
				B7CEB6652ABB5E460054972E /* SceneDelegate.swift */,
				B7CEB6672ABB5E460054972E /* ViewController.swift */,
				B7CEB6692ABB5E460054972E /* Main.storyboard */,
				B7CEB66C2ABB5E470054972E /* Assets.xcassets */,
				B7CEB66E2ABB5E470054972E /* LaunchScreen.storyboard */,
				B7CEB6712ABB5E470054972E /* Info.plist */,
				B714B70C2ABB61A300F988C9 /* DetalleController.swift */,
			);
			path = appTareaMadrid;
			sourceTree = "<group>";
		};
		C19195CF87525D214411BA43 /* Frameworks */ = {
			isa = PBXGroup;
			children = (
				6330BB7B107E8B159B12724E /* Pods_appTareaMadrid.framework */,
			);
			name = Frameworks;
			sourceTree = "<group>";
		};
		E47076DD923F4F9AA496E866 /* Pods */ = {
			isa = PBXGroup;
			children = (
				66837D098A3AF75D2B7A9C84 /* Pods-appTareaMadrid.debug.xcconfig */,
				553CD59EDDD33CC0E3C472CD /* Pods-appTareaMadrid.release.xcconfig */,
			);
			path = Pods;
			sourceTree = "<group>";
		};
/* End PBXGroup section */

/* Begin PBXNativeTarget section */
		B7CEB65F2ABB5E460054972E /* appTareaMadrid */ = {
			isa = PBXNativeTarget;
			buildConfigurationList = B7CEB6742ABB5E470054972E /* Build configuration list for PBXNativeTarget "appTareaMadrid" */;
			buildPhases = (
				51927057832D94A2FB5FAFF4 /* [CP] Check Pods Manifest.lock */,
				B7CEB65C2ABB5E460054972E /* Sources */,
				B7CEB65D2ABB5E460054972E /* Frameworks */,
				B7CEB65E2ABB5E460054972E /* Resources */,
				C3C1B410D7E002FA57573828 /* [CP] Embed Pods Frameworks */,
			);
			buildRules = (
			);
			dependencies = (
			);
			name = appTareaMadrid;
			productName = appTareaMadrid;
			productReference = B7CEB6602ABB5E460054972E /* appTareaMadrid.app */;
			productType = "com.apple.product-type.application";
		};
/* End PBXNativeTarget section */

/* Begin PBXProject section */
		B7CEB6582ABB5E460054972E /* Project object */ = {
			isa = PBXProject;
			attributes = {
				BuildIndependentTargetsInParallel = 1;
				LastSwiftUpdateCheck = 1430;
				LastUpgradeCheck = 1430;
				TargetAttributes = {
					B7CEB65F2ABB5E460054972E = {
						CreatedOnToolsVersion = 14.3.1;
					};
				};
			};
			buildConfigurationList = B7CEB65B2ABB5E460054972E /* Build configuration list for PBXProject "appTareaMadrid" */;
			compatibilityVersion = "Xcode 14.0";
			developmentRegion = en;
			hasScannedForEncodings = 0;
			knownRegions = (
				en,
				Base,
			);
			mainGroup = B7CEB6572ABB5E460054972E;
			productRefGroup = B7CEB6612ABB5E460054972E /* Products */;
			projectDirPath = "";
			projectRoot = "";
			targets = (
				B7CEB65F2ABB5E460054972E /* appTareaMadrid */,
			);
		};
/* End PBXProject section */

/* Begin PBXResourcesBuildPhase section */
		B7CEB65E2ABB5E460054972E /* Resources */ = {
			isa = PBXResourcesBuildPhase;
			buildActionMask = 2147483647;
			files = (
				B7CEB6702ABB5E470054972E /* LaunchScreen.storyboard in Resources */,
				B7CEB66D2ABB5E470054972E /* Assets.xcassets in Resources */,
				B7CEB66B2ABB5E460054972E /* Main.storyboard in Resources */,
			);
			runOnlyForDeploymentPostprocessing = 0;
		};
/* End PBXResourcesBuildPhase section */

/* Begin PBXShellScriptBuildPhase section */
		51927057832D94A2FB5FAFF4 /* [CP] Check Pods Manifest.lock */ = {
			isa = PBXShellScriptBuildPhase;
			buildActionMask = 2147483647;
			files = (
			);
			inputFileListPaths = (
			);
			inputPaths = (
				"${PODS_PODFILE_DIR_PATH}/Podfile.lock",
				"${PODS_ROOT}/Manifest.lock",
			);
			name = "[CP] Check Pods Manifest.lock";
			outputFileListPaths = (
			);
			outputPaths = (
				"$(DERIVED_FILE_DIR)/Pods-appTareaMadrid-checkManifestLockResult.txt",
			);
			runOnlyForDeploymentPostprocessing = 0;
			shellPath = /bin/sh;
			shellScript = "diff \"${PODS_PODFILE_DIR_PATH}/Podfile.lock\" \"${PODS_ROOT}/Manifest.lock\" > /dev/null\nif [ $? != 0 ] ; then\n    # print error to STDERR\n    echo \"error: The sandbox is not in sync with the Podfile.lock. Run 'pod install' or update your CocoaPods installation.\" >&2\n    exit 1\nfi\n# This output is used by Xcode 'outputs' to avoid re-running this script phase.\necho \"SUCCESS\" > \"${SCRIPT_OUTPUT_FILE_0}\"\n";
			showEnvVarsInLog = 0;
		};
		C3C1B410D7E002FA57573828 /* [CP] Embed Pods Frameworks */ = {
			isa = PBXShellScriptBuildPhase;
			buildActionMask = 2147483647;
			files = (
			);
			inputFileListPaths = (
				"${PODS_ROOT}/Target Support Files/Pods-appTareaMadrid/Pods-appTareaMadrid-frameworks-${CONFIGURATION}-input-files.xcfilelist",
			);
			name = "[CP] Embed Pods Frameworks";
			outputFileListPaths = (
				"${PODS_ROOT}/Target Support Files/Pods-appTareaMadrid/Pods-appTareaMadrid-frameworks-${CONFIGURATION}-output-files.xcfilelist",
			);
			runOnlyForDeploymentPostprocessing = 0;
			shellPath = /bin/sh;
			shellScript = "\"${PODS_ROOT}/Target Support Files/Pods-appTareaMadrid/Pods-appTareaMadrid-frameworks.sh\"\n";
			showEnvVarsInLog = 0;
		};
/* End PBXShellScriptBuildPhase section */

/* Begin PBXSourcesBuildPhase section */
		B7CEB65C2ABB5E460054972E /* Sources */ = {
			isa = PBXSourcesBuildPhase;
			buildActionMask = 2147483647;
			files = (
				B7CEB6682ABB5E460054972E /* ViewController.swift in Sources */,
				B714B70D2ABB61A300F988C9 /* DetalleController.swift in Sources */,
				B7CEB6642ABB5E460054972E /* AppDelegate.swift in Sources */,
				B7CEB6662ABB5E460054972E /* SceneDelegate.swift in Sources */,
			);
			runOnlyForDeploymentPostprocessing = 0;
		};
/* End PBXSourcesBuildPhase section */

/* Begin PBXVariantGroup section */
		B7CEB6692ABB5E460054972E /* Main.storyboard */ = {
			isa = PBXVariantGroup;
			children = (
				B7CEB66A2ABB5E460054972E /* Base */,
			);
			name = Main.storyboard;
			sourceTree = "<group>";
		};
		B7CEB66E2ABB5E470054972E /* LaunchScreen.storyboard */ = {
			isa = PBXVariantGroup;
			children = (
				B7CEB66F2ABB5E470054972E /* Base */,
			);
			name = LaunchScreen.storyboard;
			sourceTree = "<group>";
		};
/* End PBXVariantGroup section */

/* Begin XCBuildConfiguration section */
		B7CEB6722ABB5E470054972E /* Debug */ = {
			isa = XCBuildConfiguration;
			buildSettings = {
				ALWAYS_SEARCH_USER_PATHS = NO;
				CLANG_ANALYZER_NONNULL = YES;
				CLANG_ANALYZER_NUMBER_OBJECT_CONVERSION = YES_AGGRESSIVE;
				CLANG_CXX_LANGUAGE_STANDARD = "gnu++20";
				CLANG_ENABLE_MODULES = YES;
				CLANG_ENABLE_OBJC_ARC = YES;
				CLANG_ENABLE_OBJC_WEAK = YES;
				CLANG_WARN_BLOCK_CAPTURE_AUTORELEASING = YES;
				CLANG_WARN_BOOL_CONVERSION = YES;
				CLANG_WARN_COMMA = YES;
				CLANG_WARN_CONSTANT_CONVERSION = YES;
				CLANG_WARN_DEPRECATED_OBJC_IMPLEMENTATIONS = YES;
				CLANG_WARN_DIRECT_OBJC_ISA_USAGE = YES_ERROR;
				CLANG_WARN_DOCUMENTATION_COMMENTS = YES;
				CLANG_WARN_EMPTY_BODY = YES;
				CLANG_WARN_ENUM_CONVERSION = YES;
				CLANG_WARN_INFINITE_RECURSION = YES;
				CLANG_WARN_INT_CONVERSION = YES;
				CLANG_WARN_NON_LITERAL_NULL_CONVERSION = YES;
				CLANG_WARN_OBJC_IMPLICIT_RETAIN_SELF = YES;
				CLANG_WARN_OBJC_LITERAL_CONVERSION = YES;
				CLANG_WARN_OBJC_ROOT_CLASS = YES_ERROR;
				CLANG_WARN_QUOTED_INCLUDE_IN_FRAMEWORK_HEADER = YES;
				CLANG_WARN_RANGE_LOOP_ANALYSIS = YES;
				CLANG_WARN_STRICT_PROTOTYPES = YES;
				CLANG_WARN_SUSPICIOUS_MOVE = YES;
				CLANG_WARN_UNGUARDED_AVAILABILITY = YES_AGGRESSIVE;
				CLANG_WARN_UNREACHABLE_CODE = YES;
				CLANG_WARN__DUPLICATE_METHOD_MATCH = YES;
				COPY_PHASE_STRIP = NO;
				DEBUG_INFORMATION_FORMAT = dwarf;
				ENABLE_STRICT_OBJC_MSGSEND = YES;
				ENABLE_TESTABILITY = YES;
				GCC_C_LANGUAGE_STANDARD = gnu11;
				GCC_DYNAMIC_NO_PIC = NO;
				GCC_NO_COMMON_BLOCKS = YES;
				GCC_OPTIMIZATION_LEVEL = 0;
				GCC_PREPROCESSOR_DEFINITIONS = (
					"DEBUG=1",
					"$(inherited)",
				);
				GCC_WARN_64_TO_32_BIT_CONVERSION = YES;
				GCC_WARN_ABOUT_RETURN_TYPE = YES_ERROR;
				GCC_WARN_UNDECLARED_SELECTOR = YES;
				GCC_WARN_UNINITIALIZED_AUTOS = YES_AGGRESSIVE;
				GCC_WARN_UNUSED_FUNCTION = YES;
				GCC_WARN_UNUSED_VARIABLE = YES;
				IPHONEOS_DEPLOYMENT_TARGET = 16.4;
				MTL_ENABLE_DEBUG_INFO = INCLUDE_SOURCE;
				MTL_FAST_MATH = YES;
				ONLY_ACTIVE_ARCH = YES;
				SDKROOT = iphoneos;
				SWIFT_ACTIVE_COMPILATION_CONDITIONS = DEBUG;
				SWIFT_OPTIMIZATION_LEVEL = "-Onone";
			};
			name = Debug;
		};
		B7CEB6732ABB5E470054972E /* Release */ = {
			isa = XCBuildConfiguration;
			buildSettings = {
				ALWAYS_SEARCH_USER_PATHS = NO;
				CLANG_ANALYZER_NONNULL = YES;
				CLANG_ANALYZER_NUMBER_OBJECT_CONVERSION = YES_AGGRESSIVE;
				CLANG_CXX_LANGUAGE_STANDARD = "gnu++20";
				CLANG_ENABLE_MODULES = YES;
				CLANG_ENABLE_OBJC_ARC = YES;
				CLANG_ENABLE_OBJC_WEAK = YES;
				CLANG_WARN_BLOCK_CAPTURE_AUTORELEASING = YES;
				CLANG_WARN_BOOL_CONVERSION = YES;
				CLANG_WARN_COMMA = YES;
				CLANG_WARN_CONSTANT_CONVERSION = YES;
				CLANG_WARN_DEPRECATED_OBJC_IMPLEMENTATIONS = YES;
				CLANG_WARN_DIRECT_OBJC_ISA_USAGE = YES_ERROR;
				CLANG_WARN_DOCUMENTATION_COMMENTS = YES;
				CLANG_WARN_EMPTY_BODY = YES;
				CLANG_WARN_ENUM_CONVERSION = YES;
				CLANG_WARN_INFINITE_RECURSION = YES;
				CLANG_WARN_INT_CONVERSION = YES;
				CLANG_WARN_NON_LITERAL_NULL_CONVERSION = YES;
				CLANG_WARN_OBJC_IMPLICIT_RETAIN_SELF = YES;
				CLANG_WARN_OBJC_LITERAL_CONVERSION = YES;
				CLANG_WARN_OBJC_ROOT_CLASS = YES_ERROR;
				CLANG_WARN_QUOTED_INCLUDE_IN_FRAMEWORK_HEADER = YES;
				CLANG_WARN_RANGE_LOOP_ANALYSIS = YES;
				CLANG_WARN_STRICT_PROTOTYPES = YES;
				CLANG_WARN_SUSPICIOUS_MOVE = YES;
				CLANG_WARN_UNGUARDED_AVAILABILITY = YES_AGGRESSIVE;
				CLANG_WARN_UNREACHABLE_CODE = YES;
				CLANG_WARN__DUPLICATE_METHOD_MATCH = YES;
				COPY_PHASE_STRIP = NO;
				DEBUG_INFORMATION_FORMAT = "dwarf-with-dsym";
				ENABLE_NS_ASSERTIONS = NO;
				ENABLE_STRICT_OBJC_MSGSEND = YES;
				GCC_C_LANGUAGE_STANDARD = gnu11;
				GCC_NO_COMMON_BLOCKS = YES;
				GCC_WARN_64_TO_32_BIT_CONVERSION = YES;
				GCC_WARN_ABOUT_RETURN_TYPE = YES_ERROR;
				GCC_WARN_UNDECLARED_SELECTOR = YES;
				GCC_WARN_UNINITIALIZED_AUTOS = YES_AGGRESSIVE;
				GCC_WARN_UNUSED_FUNCTION = YES;
				GCC_WARN_UNUSED_VARIABLE = YES;
				IPHONEOS_DEPLOYMENT_TARGET = 16.4;
				MTL_ENABLE_DEBUG_INFO = NO;
				MTL_FAST_MATH = YES;
				SDKROOT = iphoneos;
				SWIFT_COMPILATION_MODE = wholemodule;
				SWIFT_OPTIMIZATION_LEVEL = "-O";
				VALIDATE_PRODUCT = YES;
			};
			name = Release;
		};
		B7CEB6752ABB5E470054972E /* Debug */ = {
			isa = XCBuildConfiguration;
			baseConfigurationReference = 66837D098A3AF75D2B7A9C84 /* Pods-appTareaMadrid.debug.xcconfig */;
			buildSettings = {
				ASSETCATALOG_COMPILER_APPICON_NAME = AppIcon;
				ASSETCATALOG_COMPILER_GLOBAL_ACCENT_COLOR_NAME = AccentColor;
				CODE_SIGN_STYLE = Automatic;
				CURRENT_PROJECT_VERSION = 1;
				GENERATE_INFOPLIST_FILE = YES;
				INFOPLIST_FILE = appTareaMadrid/Info.plist;
				INFOPLIST_KEY_UIApplicationSupportsIndirectInputEvents = YES;
				INFOPLIST_KEY_UILaunchStoryboardName = LaunchScreen;
				INFOPLIST_KEY_UIMainStoryboardFile = Main;
				INFOPLIST_KEY_UISupportedInterfaceOrientations_iPad = "UIInterfaceOrientationPortrait UIInterfaceOrientationPortraitUpsideDown UIInterfaceOrientationLandscapeLeft UIInterfaceOrientationLandscapeRight";
				INFOPLIST_KEY_UISupportedInterfaceOrientations_iPhone = "UIInterfaceOrientationPortrait UIInterfaceOrientationLandscapeLeft UIInterfaceOrientationLandscapeRight";
				LD_RUNPATH_SEARCH_PATHS = (
					"$(inherited)",
					"@executable_path/Frameworks",
				);
				MARKETING_VERSION = 1.0;
				PRODUCT_BUNDLE_IDENTIFIER = cibertec.edu.pe.appTareaMadrid;
				PRODUCT_NAME = "$(TARGET_NAME)";
				SWIFT_EMIT_LOC_STRINGS = YES;
				SWIFT_VERSION = 5.0;
				TARGETED_DEVICE_FAMILY = "1,2";
			};
			name = Debug;
		};
		B7CEB6762ABB5E470054972E /* Release */ = {
			isa = XCBuildConfiguration;
			baseConfigurationReference = 553CD59EDDD33CC0E3C472CD /* Pods-appTareaMadrid.release.xcconfig */;
			buildSettings = {
				ASSETCATALOG_COMPILER_APPICON_NAME = AppIcon;
				ASSETCATALOG_COMPILER_GLOBAL_ACCENT_COLOR_NAME = AccentColor;
				CODE_SIGN_STYLE = Automatic;
				CURRENT_PROJECT_VERSION = 1;
				GENERATE_INFOPLIST_FILE = YES;
				INFOPLIST_FILE = appTareaMadrid/Info.plist;
				INFOPLIST_KEY_UIApplicationSupportsIndirectInputEvents = YES;
				INFOPLIST_KEY_UILaunchStoryboardName = LaunchScreen;
				INFOPLIST_KEY_UIMainStoryboardFile = Main;
				INFOPLIST_KEY_UISupportedInterfaceOrientations_iPad = "UIInterfaceOrientationPortrait UIInterfaceOrientationPortraitUpsideDown UIInterfaceOrientationLandscapeLeft UIInterfaceOrientationLandscapeRight";
				INFOPLIST_KEY_UISupportedInterfaceOrientations_iPhone = "UIInterfaceOrientationPortrait UIInterfaceOrientationLandscapeLeft UIInterfaceOrientationLandscapeRight";
				LD_RUNPATH_SEARCH_PATHS = (
					"$(inherited)",
					"@executable_path/Frameworks",
				);
				MARKETING_VERSION = 1.0;
				PRODUCT_BUNDLE_IDENTIFIER = cibertec.edu.pe.appTareaMadrid;
				PRODUCT_NAME = "$(TARGET_NAME)";
				SWIFT_EMIT_LOC_STRINGS = YES;
				SWIFT_VERSION = 5.0;
				TARGETED_DEVICE_FAMILY = "1,2";
			};
			name = Release;
		};
/* End XCBuildConfiguration section */

/* Begin XCConfigurationList section */
		B7CEB65B2ABB5E460054972E /* Build configuration list for PBXProject "appTareaMadrid" */ = {
			isa = XCConfigurationList;
			buildConfigurations = (
				B7CEB6722ABB5E470054972E /* Debug */,
				B7CEB6732ABB5E470054972E /* Release */,
			);
			defaultConfigurationIsVisible = 0;
			defaultConfigurationName = Release;
		};
		B7CEB6742ABB5E470054972E /* Build configuration list for PBXNativeTarget "appTareaMadrid" */ = {
			isa = XCConfigurationList;
			buildConfigurations = (
				B7CEB6752ABB5E470054972E /* Debug */,
				B7CEB6762ABB5E470054972E /* Release */,
			);
			defaultConfigurationIsVisible = 0;
			defaultConfigurationName = Release;
		};
/* End XCConfigurationList section */
	};
	rootObject = B7CEB6582ABB5E460054972E /* Project object */;
}
